
Microsoft Visual Studio Solution File, Format Version 12.00
# Visual Studio 2012
Project("{FAE04EC0-301F-11D3-BF4B-00C04F79EFBC}") = "EFloggerApp", "EFloggerApp\EFloggerApp.csproj", "{B56B00DA-872E-4DFE-AFFB-9028B39ACDC7}"
EndProject
Project("{FAE04EC0-301F-11D3-BF4B-00C04F79EFBC}") = "EFlogger.EntityFramework6", "EFlogger.EntityFramework6\EFlogger.EntityFramework6.csproj", "{4DFA7AD2-FCAE-44DB-AF5C-F26ABA93DBDC}"
EndProject
Project("{FAE04EC0-301F-11D3-BF4B-00C04F79EFBC}") = "EFlogger.Profiling", "EFlogger.Profiling\EFlogger.Profiling.csproj", "{386222BD-6B6E-480F-A342-8DE1AB516E2C}"
EndProject
Project("{FAE04EC0-301F-11D3-BF4B-00C04F79EFBC}") = "EFlogger.EntityFramework4", "EFlogger.EntityFramework4\EFlogger.EntityFramework4.csproj", "{7F18DC76-61A2-4E7D-BA5A-FE159E789362}"
EndProject
Project("{FAE04EC0-301F-11D3-BF4B-00C04F79EFBC}") = "EFloggerTestAppEF4", "EFloggerTestAppEF4\EFloggerTestAppEF4.csproj", "{60770924-12D8-4351-AFA9-B35309A71576}"
EndProject
Project("{FAE04EC0-301F-11D3-BF4B-00C04F79EFBC}") = "EFloggerTestAppEF6", "EFloggerTestAppEF6\EFloggerTestAppEF6.csproj", "{A0955531-942E-47A0-ACFB-58D663282D43}"
EndProject
Project("{FAE04EC0-301F-11D3-BF4B-00C04F79EFBC}") = "EFlogger.Network", "EFlogger.Network\EFlogger.Network.csproj", "{EEAF110C-A5AC-43A2-8C0A-E0D61A33E827}"
EndProject
Global
	GlobalSection(SolutionConfigurationPlatforms) = preSolution
		Debug|Any CPU = Debug|Any CPU
		net_2_0_Debug|Any CPU = net_2_0_Debug|Any CPU
		net_2_0_Release|Any CPU = net_2_0_Release|Any CPU
		net_3_5_Debug|Any CPU = net_3_5_Debug|Any CPU
		net_3_5_Release|Any CPU = net_3_5_Release|Any CPU
		net_4_0_Debug|Any CPU = net_4_0_Debug|Any CPU
		net_4_0_Release|Any CPU = net_4_0_Release|Any CPU
		Release|Any CPU = Release|Any CPU
		silverlight_Debug|Any CPU = silverlight_Debug|Any CPU
		silverlight_Release|Any CPU = silverlight_Release|Any CPU
		winphone_Debug|Any CPU = winphone_Debug|Any CPU
		winphone_Release|Any CPU = winphone_Release|Any CPU
	EndGlobalSection
	GlobalSection(ProjectConfigurationPlatforms) = postSolution
		{B56B00DA-872E-4DFE-AFFB-9028B39ACDC7}.Debug|Any CPU.ActiveCfg = Debug|Any CPU
		{B56B00DA-872E-4DFE-AFFB-9028B39ACDC7}.Debug|Any CPU.Build.0 = Debug|Any CPU
		{B56B00DA-872E-4DFE-AFFB-9028B39ACDC7}.net_2_0_Debug|Any CPU.ActiveCfg = Debug|Any CPU
		{B56B00DA-872E-4DFE-AFFB-9028B39ACDC7}.net_2_0_Debug|Any CPU.Build.0 = Debug|Any CPU
		{B56B00DA-872E-4DFE-AFFB-9028B39ACDC7}.net_2_0_Release|Any CPU.ActiveCfg = Release|Any CPU
		{B56B00DA-872E-4DFE-AFFB-9028B39ACDC7}.net_2_0_Release|Any CPU.Build.0 = Release|Any CPU
		{B56B00DA-872E-4DFE-AFFB-9028B39ACDC7}.net_3_5_Debug|Any CPU.ActiveCfg = Debug|Any CPU
		{B56B00DA-872E-4DFE-AFFB-9028B39ACDC7}.net_3_5_Debug|Any CPU.Build.0 = Debug|Any CPU
		{B56B00DA-872E-4DFE-AFFB-9028B39ACDC7}.net_3_5_Release|Any CPU.ActiveCfg = Release|Any CPU
		{B56B00DA-872E-4DFE-AFFB-9028B39ACDC7}.net_3_5_Release|Any CPU.Build.0 = Release|Any CPU
		{B56B00DA-872E-4DFE-AFFB-9028B39ACDC7}.net_4_0_Debug|Any CPU.ActiveCfg = Debug|Any CPU
		{B56B00DA-872E-4DFE-AFFB-9028B39ACDC7}.net_4_0_Debug|Any CPU.Build.0 = Debug|Any CPU
		{B56B00DA-872E-4DFE-AFFB-9028B39ACDC7}.net_4_0_Release|Any CPU.ActiveCfg = Release|Any CPU
		{B56B00DA-872E-4DFE-AFFB-9028B39ACDC7}.net_4_0_Release|Any CPU.Build.0 = Release|Any CPU
		{B56B00DA-872E-4DFE-AFFB-9028B39ACDC7}.Release|Any CPU.ActiveCfg = Release|Any CPU
		{B56B00DA-872E-4DFE-AFFB-9028B39ACDC7}.Release|Any CPU.Build.0 = Release|Any CPU
		{B56B00DA-872E-4DFE-AFFB-9028B39ACDC7}.silverlight_Debug|Any CPU.ActiveCfg = Debug|Any CPU
		{B56B00DA-872E-4DFE-AFFB-9028B39ACDC7}.silverlight_Debug|Any CPU.Build.0 = Debug|Any CPU
		{B56B00DA-872E-4DFE-AFFB-9028B39ACDC7}.silverlight_Release|Any CPU.ActiveCfg = Release|Any CPU
		{B56B00DA-872E-4DFE-AFFB-9028B39ACDC7}.silverlight_Release|Any CPU.Build.0 = Release|Any CPU
		{B56B00DA-872E-4DFE-AFFB-9028B39ACDC7}.winphone_Debug|Any CPU.ActiveCfg = Debug|Any CPU
		{B56B00DA-872E-4DFE-AFFB-9028B39ACDC7}.winphone_Debug|Any CPU.Build.0 = Debug|Any CPU
		{B56B00DA-872E-4DFE-AFFB-9028B39ACDC7}.winphone_Release|Any CPU.ActiveCfg = Release|Any CPU
		{B56B00DA-872E-4DFE-AFFB-9028B39ACDC7}.winphone_Release|Any CPU.Build.0 = Release|Any CPU
		{4DFA7AD2-FCAE-44DB-AF5C-F26ABA93DBDC}.Debug|Any CPU.ActiveCfg = Debug|Any CPU
		{4DFA7AD2-FCAE-44DB-AF5C-F26ABA93DBDC}.Debug|Any CPU.Build.0 = Debug|Any CPU
		{4DFA7AD2-FCAE-44DB-AF5C-F26ABA93DBDC}.net_2_0_Debug|Any CPU.ActiveCfg = Debug|Any CPU
		{4DFA7AD2-FCAE-44DB-AF5C-F26ABA93DBDC}.net_2_0_Debug|Any CPU.Build.0 = Debug|Any CPU
		{4DFA7AD2-FCAE-44DB-AF5C-F26ABA93DBDC}.net_2_0_Release|Any CPU.ActiveCfg = Release|Any CPU
		{4DFA7AD2-FCAE-44DB-AF5C-F26ABA93DBDC}.net_2_0_Release|Any CPU.Build.0 = Release|Any CPU
		{4DFA7AD2-FCAE-44DB-AF5C-F26ABA93DBDC}.net_3_5_Debug|Any CPU.ActiveCfg = Debug|Any CPU
		{4DFA7AD2-FCAE-44DB-AF5C-F26ABA93DBDC}.net_3_5_Debug|Any CPU.Build.0 = Debug|Any CPU
		{4DFA7AD2-FCAE-44DB-AF5C-F26ABA93DBDC}.net_3_5_Release|Any CPU.ActiveCfg = Release|Any CPU
		{4DFA7AD2-FCAE-44DB-AF5C-F26ABA93DBDC}.net_3_5_Release|Any CPU.Build.0 = Release|Any CPU
		{4DFA7AD2-FCAE-44DB-AF5C-F26ABA93DBDC}.net_4_0_Debug|Any CPU.ActiveCfg = Debug|Any CPU
		{4DFA7AD2-FCAE-44DB-AF5C-F26ABA93DBDC}.net_4_0_Debug|Any CPU.Build.0 = Debug|Any CPU
		{4DFA7AD2-FCAE-44DB-AF5C-F26ABA93DBDC}.net_4_0_Release|Any CPU.ActiveCfg = Release|Any CPU
		{4DFA7AD2-FCAE-44DB-AF5C-F26ABA93DBDC}.net_4_0_Release|Any CPU.Build.0 = Release|Any CPU
		{4DFA7AD2-FCAE-44DB-AF5C-F26ABA93DBDC}.Release|Any CPU.ActiveCfg = Release|Any CPU
		{4DFA7AD2-FCAE-44DB-AF5C-F26ABA93DBDC}.Release|Any CPU.Build.0 = Release|Any CPU
		{4DFA7AD2-FCAE-44DB-AF5C-F26ABA93DBDC}.silverlight_Debug|Any CPU.ActiveCfg = Debug|Any CPU
		{4DFA7AD2-FCAE-44DB-AF5C-F26ABA93DBDC}.silverlight_Debug|Any CPU.Build.0 = Debug|Any CPU
		{4DFA7AD2-FCAE-44DB-AF5C-F26ABA93DBDC}.silverlight_Release|Any CPU.ActiveCfg = Release|Any CPU
		{4DFA7AD2-FCAE-44DB-AF5C-F26ABA93DBDC}.silverlight_Release|Any CPU.Build.0 = Release|Any CPU
		{4DFA7AD2-FCAE-44DB-AF5C-F26ABA93DBDC}.winphone_Debug|Any CPU.ActiveCfg = Debug|Any CPU
		{4DFA7AD2-FCAE-44DB-AF5C-F26ABA93DBDC}.winphone_Debug|Any CPU.Build.0 = Debug|Any CPU
		{4DFA7AD2-FCAE-44DB-AF5C-F26ABA93DBDC}.winphone_Release|Any CPU.ActiveCfg = Release|Any CPU
		{4DFA7AD2-FCAE-44DB-AF5C-F26ABA93DBDC}.winphone_Release|Any CPU.Build.0 = Release|Any CPU
		{386222BD-6B6E-480F-A342-8DE1AB516E2C}.Debug|Any CPU.ActiveCfg = Debug|Any CPU
		{386222BD-6B6E-480F-A342-8DE1AB516E2C}.Debug|Any CPU.Build.0 = Debug|Any CPU
		{386222BD-6B6E-480F-A342-8DE1AB516E2C}.net_2_0_Debug|Any CPU.ActiveCfg = Debug|Any CPU
		{386222BD-6B6E-480F-A342-8DE1AB516E2C}.net_2_0_Debug|Any CPU.Build.0 = Debug|Any CPU
		{386222BD-6B6E-480F-A342-8DE1AB516E2C}.net_2_0_Release|Any CPU.ActiveCfg = Release|Any CPU
		{386222BD-6B6E-480F-A342-8DE1AB516E2C}.net_2_0_Release|Any CPU.Build.0 = Release|Any CPU
		{386222BD-6B6E-480F-A342-8DE1AB516E2C}.net_3_5_Debug|Any CPU.ActiveCfg = Debug|Any CPU
		{386222BD-6B6E-480F-A342-8DE1AB516E2C}.net_3_5_Debug|Any CPU.Build.0 = Debug|Any CPU
		{386222BD-6B6E-480F-A342-8DE1AB516E2C}.net_3_5_Release|Any CPU.ActiveCfg = Release|Any CPU
		{386222BD-6B6E-480F-A342-8DE1AB516E2C}.net_3_5_Release|Any CPU.Build.0 = Release|Any CPU
		{386222BD-6B6E-480F-A342-8DE1AB516E2C}.net_4_0_Debug|Any CPU.ActiveCfg = Debug|Any CPU
		{386222BD-6B6E-480F-A342-8DE1AB516E2C}.net_4_0_Debug|Any CPU.Build.0 = Debug|Any CPU
		{386222BD-6B6E-480F-A342-8DE1AB516E2C}.net_4_0_Release|Any CPU.ActiveCfg = Release|Any CPU
		{386222BD-6B6E-480F-A342-8DE1AB516E2C}.net_4_0_Release|Any CPU.Build.0 = Release|Any CPU
		{386222BD-6B6E-480F-A342-8DE1AB516E2C}.Release|Any CPU.ActiveCfg = Release|Any CPU
		{386222BD-6B6E-480F-A342-8DE1AB516E2C}.Release|Any CPU.Build.0 = Release|Any CPU
		{386222BD-6B6E-480F-A342-8DE1AB516E2C}.silverlight_Debug|Any CPU.ActiveCfg = Debug|Any CPU
		{386222BD-6B6E-480F-A342-8DE1AB516E2C}.silverlight_Debug|Any CPU.Build.0 = Debug|Any CPU
		{386222BD-6B6E-480F-A342-8DE1AB516E2C}.silverlight_Release|Any CPU.ActiveCfg = Release|Any CPU
		{386222BD-6B6E-480F-A342-8DE1AB516E2C}.silverlight_Release|Any CPU.Build.0 = Release|Any CPU
		{386222BD-6B6E-480F-A342-8DE1AB516E2C}.winphone_Debug|Any CPU.ActiveCfg = Debug|Any CPU
		{386222BD-6B6E-480F-A342-8DE1AB516E2C}.winphone_Debug|Any CPU.Build.0 = Debug|Any CPU
		{386222BD-6B6E-480F-A342-8DE1AB516E2C}.winphone_Release|Any CPU.ActiveCfg = Release|Any CPU
		{386222BD-6B6E-480F-A342-8DE1AB516E2C}.winphone_Release|Any CPU.Build.0 = Release|Any CPU
		{7F18DC76-61A2-4E7D-BA5A-FE159E789362}.Debug|Any CPU.ActiveCfg = Debug|Any CPU
		{7F18DC76-61A2-4E7D-BA5A-FE159E789362}.Debug|Any CPU.Build.0 = Debug|Any CPU
		{7F18DC76-61A2-4E7D-BA5A-FE159E789362}.net_2_0_Debug|Any CPU.ActiveCfg = Debug|Any CPU
		{7F18DC76-61A2-4E7D-BA5A-FE159E789362}.net_2_0_Debug|Any CPU.Build.0 = Debug|Any CPU
		{7F18DC76-61A2-4E7D-BA5A-FE159E789362}.net_2_0_Release|Any CPU.ActiveCfg = Release|Any CPU
		{7F18DC76-61A2-4E7D-BA5A-FE159E789362}.net_2_0_Release|Any CPU.Build.0 = Release|Any CPU
		{7F18DC76-61A2-4E7D-BA5A-FE159E789362}.net_3_5_Debug|Any CPU.ActiveCfg = Debug|Any CPU
		{7F18DC76-61A2-4E7D-BA5A-FE159E789362}.net_3_5_Debug|Any CPU.Build.0 = Debug|Any CPU
		{7F18DC76-61A2-4E7D-BA5A-FE159E789362}.net_3_5_Release|Any CPU.ActiveCfg = Release|Any CPU
		{7F18DC76-61A2-4E7D-BA5A-FE159E789362}.net_3_5_Release|Any CPU.Build.0 = Release|Any CPU
		{7F18DC76-61A2-4E7D-BA5A-FE159E789362}.net_4_0_Debug|Any CPU.ActiveCfg = Debug|Any CPU
		{7F18DC76-61A2-4E7D-BA5A-FE159E789362}.net_4_0_Debug|Any CPU.Build.0 = Debug|Any CPU
		{7F18DC76-61A2-4E7D-BA5A-FE159E789362}.net_4_0_Release|Any CPU.ActiveCfg = Release|Any CPU
		{7F18DC76-61A2-4E7D-BA5A-FE159E789362}.net_4_0_Release|Any CPU.Build.0 = Release|Any CPU
		{7F18DC76-61A2-4E7D-BA5A-FE159E789362}.Release|Any CPU.ActiveCfg = Release|Any CPU
		{7F18DC76-61A2-4E7D-BA5A-FE159E789362}.Release|Any CPU.Build.0 = Release|Any CPU
		{7F18DC76-61A2-4E7D-BA5A-FE159E789362}.silverlight_Debug|Any CPU.ActiveCfg = Debug|Any CPU
		{7F18DC76-61A2-4E7D-BA5A-FE159E789362}.silverlight_Debug|Any CPU.Build.0 = Debug|Any CPU
		{7F18DC76-61A2-4E7D-BA5A-FE159E789362}.silverlight_Release|Any CPU.ActiveCfg = Release|Any CPU
		{7F18DC76-61A2-4E7D-BA5A-FE159E789362}.silverlight_Release|Any CPU.Build.0 = Release|Any CPU
		{7F18DC76-61A2-4E7D-BA5A-FE159E789362}.winphone_Debug|Any CPU.ActiveCfg = Debug|Any CPU
		{7F18DC76-61A2-4E7D-BA5A-FE159E789362}.winphone_Debug|Any CPU.Build.0 = Debug|Any CPU
		{7F18DC76-61A2-4E7D-BA5A-FE159E789362}.winphone_Release|Any CPU.ActiveCfg = Release|Any CPU
		{7F18DC76-61A2-4E7D-BA5A-FE159E789362}.winphone_Release|Any CPU.Build.0 = Release|Any CPU
		{60770924-12D8-4351-AFA9-B35309A71576}.Debug|Any CPU.ActiveCfg = Debug|Any CPU
		{60770924-12D8-4351-AFA9-B35309A71576}.Debug|Any CPU.Build.0 = Debug|Any CPU
		{60770924-12D8-4351-AFA9-B35309A71576}.net_2_0_Debug|Any CPU.ActiveCfg = Debug|Any CPU
		{60770924-12D8-4351-AFA9-B35309A71576}.net_2_0_Debug|Any CPU.Build.0 = Debug|Any CPU
		{60770924-12D8-4351-AFA9-B35309A71576}.net_2_0_Release|Any CPU.ActiveCfg = Release|Any CPU
		{60770924-12D8-4351-AFA9-B35309A71576}.net_2_0_Release|Any CPU.Build.0 = Release|Any CPU
		{60770924-12D8-4351-AFA9-B35309A71576}.net_3_5_Debug|Any CPU.ActiveCfg = Debug|Any CPU
		{60770924-12D8-4351-AFA9-B35309A71576}.net_3_5_Debug|Any CPU.Build.0 = Debug|Any CPU
		{60770924-12D8-4351-AFA9-B35309A71576}.net_3_5_Release|Any CPU.ActiveCfg = Release|Any CPU
		{60770924-12D8-4351-AFA9-B35309A71576}.net_3_5_Release|Any CPU.Build.0 = Release|Any CPU
		{60770924-12D8-4351-AFA9-B35309A71576}.net_4_0_Debug|Any CPU.ActiveCfg = Debug|Any CPU
		{60770924-12D8-4351-AFA9-B35309A71576}.net_4_0_Debug|Any CPU.Build.0 = Debug|Any CPU
		{60770924-12D8-4351-AFA9-B35309A71576}.net_4_0_Release|Any CPU.ActiveCfg = Release|Any CPU
		{60770924-12D8-4351-AFA9-B35309A71576}.net_4_0_Release|Any CPU.Build.0 = Release|Any CPU
		{60770924-12D8-4351-AFA9-B35309A71576}.Release|Any CPU.ActiveCfg = Release|Any CPU
		{60770924-12D8-4351-AFA9-B35309A71576}.Release|Any CPU.Build.0 = Release|Any CPU
		{60770924-12D8-4351-AFA9-B35309A71576}.silverlight_Debug|Any CPU.ActiveCfg = Debug|Any CPU
		{60770924-12D8-4351-AFA9-B35309A71576}.silverlight_Debug|Any CPU.Build.0 = Debug|Any CPU
		{60770924-12D8-4351-AFA9-B35309A71576}.silverlight_Release|Any CPU.ActiveCfg = Release|Any CPU
		{60770924-12D8-4351-AFA9-B35309A71576}.silverlight_Release|Any CPU.Build.0 = Release|Any CPU
		{60770924-12D8-4351-AFA9-B35309A71576}.winphone_Debug|Any CPU.ActiveCfg = Debug|Any CPU
		{60770924-12D8-4351-AFA9-B35309A71576}.winphone_Debug|Any CPU.Build.0 = Debug|Any CPU
		{60770924-12D8-4351-AFA9-B35309A71576}.winphone_Release|Any CPU.ActiveCfg = Release|Any CPU
		{60770924-12D8-4351-AFA9-B35309A71576}.winphone_Release|Any CPU.Build.0 = Release|Any CPU
		{A0955531-942E-47A0-ACFB-58D663282D43}.Debug|Any CPU.ActiveCfg = Debug|Any CPU
		{A0955531-942E-47A0-ACFB-58D663282D43}.Debug|Any CPU.Build.0 = Debug|Any CPU
		{A0955531-942E-47A0-ACFB-58D663282D43}.net_2_0_Debug|Any CPU.ActiveCfg = Debug|Any CPU
		{A0955531-942E-47A0-ACFB-58D663282D43}.net_2_0_Debug|Any CPU.Build.0 = Debug|Any CPU
		{A0955531-942E-47A0-ACFB-58D663282D43}.net_2_0_Release|Any CPU.ActiveCfg = Release|Any CPU
		{A0955531-942E-47A0-ACFB-58D663282D43}.net_2_0_Release|Any CPU.Build.0 = Release|Any CPU
		{A0955531-942E-47A0-ACFB-58D663282D43}.net_3_5_Debug|Any CPU.ActiveCfg = Debug|Any CPU
		{A0955531-942E-47A0-ACFB-58D663282D43}.net_3_5_Debug|Any CPU.Build.0 = Debug|Any CPU
		{A0955531-942E-47A0-ACFB-58D663282D43}.net_3_5_Release|Any CPU.ActiveCfg = Release|Any CPU
		{A0955531-942E-47A0-ACFB-58D663282D43}.net_3_5_Release|Any CPU.Build.0 = Release|Any CPU
		{A0955531-942E-47A0-ACFB-58D663282D43}.net_4_0_Debug|Any CPU.ActiveCfg = Debug|Any CPU
		{A0955531-942E-47A0-ACFB-58D663282D43}.net_4_0_Debug|Any CPU.Build.0 = Debug|Any CPU
		{A0955531-942E-47A0-ACFB-58D663282D43}.net_4_0_Release|Any CPU.ActiveCfg = Release|Any CPU
		{A0955531-942E-47A0-ACFB-58D663282D43}.net_4_0_Release|Any CPU.Build.0 = Release|Any CPU
		{A0955531-942E-47A0-ACFB-58D663282D43}.Release|Any CPU.ActiveCfg = Release|Any CPU
		{A0955531-942E-47A0-ACFB-58D663282D43}.Release|Any CPU.Build.0 = Release|Any CPU
		{A0955531-942E-47A0-ACFB-58D663282D43}.silverlight_Debug|Any CPU.ActiveCfg = Debug|Any CPU
		{A0955531-942E-47A0-ACFB-58D663282D43}.silverlight_Debug|Any CPU.Build.0 = Debug|Any CPU
		{A0955531-942E-47A0-ACFB-58D663282D43}.silverlight_Release|Any CPU.ActiveCfg = Release|Any CPU
		{A0955531-942E-47A0-ACFB-58D663282D43}.silverlight_Release|Any CPU.Build.0 = Release|Any CPU
		{A0955531-942E-47A0-ACFB-58D663282D43}.winphone_Debug|Any CPU.ActiveCfg = Debug|Any CPU
		{A0955531-942E-47A0-ACFB-58D663282D43}.winphone_Debug|Any CPU.Build.0 = Debug|Any CPU
		{A0955531-942E-47A0-ACFB-58D663282D43}.winphone_Release|Any CPU.ActiveCfg = Release|Any CPU
		{A0955531-942E-47A0-ACFB-58D663282D43}.winphone_Release|Any CPU.Build.0 = Release|Any CPU
		{EEAF110C-A5AC-43A2-8C0A-E0D61A33E827}.Debug|Any CPU.ActiveCfg = Debug|Any CPU
		{EEAF110C-A5AC-43A2-8C0A-E0D61A33E827}.Debug|Any CPU.Build.0 = Debug|Any CPU
		{EEAF110C-A5AC-43A2-8C0A-E0D61A33E827}.net_2_0_Debug|Any CPU.ActiveCfg = Debug|Any CPU
		{EEAF110C-A5AC-43A2-8C0A-E0D61A33E827}.net_2_0_Debug|Any CPU.Build.0 = Debug|Any CPU
		{EEAF110C-A5AC-43A2-8C0A-E0D61A33E827}.net_2_0_Release|Any CPU.ActiveCfg = Release|Any CPU
		{EEAF110C-A5AC-43A2-8C0A-E0D61A33E827}.net_2_0_Release|Any CPU.Build.0 = Release|Any CPU
		{EEAF110C-A5AC-43A2-8C0A-E0D61A33E827}.net_3_5_Debug|Any CPU.ActiveCfg = Debug|Any CPU
		{EEAF110C-A5AC-43A2-8C0A-E0D61A33E827}.net_3_5_Debug|Any CPU.Build.0 = Debug|Any CPU
		{EEAF110C-A5AC-43A2-8C0A-E0D61A33E827}.net_3_5_Release|Any CPU.ActiveCfg = Release|Any CPU
		{EEAF110C-A5AC-43A2-8C0A-E0D61A33E827}.net_3_5_Release|Any CPU.Build.0 = Release|Any CPU
		{EEAF110C-A5AC-43A2-8C0A-E0D61A33E827}.net_4_0_Debug|Any CPU.ActiveCfg = Debug|Any CPU
		{EEAF110C-A5AC-43A2-8C0A-E0D61A33E827}.net_4_0_Debug|Any CPU.Build.0 = Debug|Any CPU
		{EEAF110C-A5AC-43A2-8C0A-E0D61A33E827}.net_4_0_Release|Any CPU.ActiveCfg = Release|Any CPU
		{EEAF110C-A5AC-43A2-8C0A-E0D61A33E827}.net_4_0_Release|Any CPU.Build.0 = Release|Any CPU
		{EEAF110C-A5AC-43A2-8C0A-E0D61A33E827}.Release|Any CPU.ActiveCfg = Release|Any CPU
		{EEAF110C-A5AC-43A2-8C0A-E0D61A33E827}.Release|Any CPU.Build.0 = Release|Any CPU
		{EEAF110C-A5AC-43A2-8C0A-E0D61A33E827}.silverlight_Debug|Any CPU.ActiveCfg = Debug|Any CPU
		{EEAF110C-A5AC-43A2-8C0A-E0D61A33E827}.silverlight_Debug|Any CPU.Build.0 = Debug|Any CPU
		{EEAF110C-A5AC-43A2-8C0A-E0D61A33E827}.silverlight_Release|Any CPU.ActiveCfg = Release|Any CPU
		{EEAF110C-A5AC-43A2-8C0A-E0D61A33E827}.silverlight_Release|Any CPU.Build.0 = Release|Any CPU
		{EEAF110C-A5AC-43A2-8C0A-E0D61A33E827}.winphone_Debug|Any CPU.ActiveCfg = Debug|Any CPU
		{EEAF110C-A5AC-43A2-8C0A-E0D61A33E827}.winphone_Debug|Any CPU.Build.0 = Debug|Any CPU
		{EEAF110C-A5AC-43A2-8C0A-E0D61A33E827}.winphone_Release|Any CPU.ActiveCfg = Release|Any CPU
		{EEAF110C-A5AC-43A2-8C0A-E0D61A33E827}.winphone_Release|Any CPU.Build.0 = Release|Any CPU
	EndGlobalSection
	GlobalSection(SolutionProperties) = preSolution
		HideSolutionNode = FALSE
	EndGlobalSection
EndGlobal
